
Microsoft Visual Studio Solution File, Format Version 12.00
# Visual Studio Version 16
VisualStudioVersion = 16.0.33423.256
MinimumVisualStudioVersion = 10.0.40219.1
Project("{FAE04EC0-301F-11D3-BF4B-00C04F79EFBC}") = "MRZmLearnAPOD", "MRZmLearnAPOD\MRZmLearnAPOD.csproj", "{C069E72C-4011-478D-A767-16E0EC226D0F}"
EndProject
Global
	GlobalSection(SolutionConfigurationPlatforms) = preSolution
		Debug|Any CPU = Debug|Any CPU
		Release|Any CPU = Release|Any CPU
	EndGlobalSection
	GlobalSection(ProjectConfigurationPlatforms) = postSolution
		{C069E72C-4011-478D-A767-16E0EC226D0F}.Debug|Any CPU.ActiveCfg = Debug|Any CPU
		{C069E72C-4011-478D-A767-16E0EC226D0F}.Debug|Any CPU.Build.0 = Debug|Any CPU
		{C069E72C-4011-478D-A767-16E0EC226D0F}.Release|Any CPU.ActiveCfg = Release|Any CPU
		{C069E72C-4011-478D-A767-16E0EC226D0F}.Release|Any CPU.Build.0 = Release|Any CPU
	EndGlobalSection
	GlobalSection(SolutionProperties) = preSolution
		HideSolutionNode = FALSE
	EndGlobalSection
	GlobalSection(ExtensibilityGlobals) = postSolution
		SolutionGuid = {E236D5D7-AAD5-419D-9414-579B5D656E27}
	EndGlobalSection
EndGlobal
